
Microsoft Visual Studio Solution File, Format Version 12.00
# Visual Studio Version 16
VisualStudioVersion = 16.0.31729.503
MinimumVisualStudioVersion = 10.0.40219.1
Project("{FAE04EC0-301F-11D3-BF4B-00C04F79EFBC}") = "GestionCommande", "GestionCommande.csproj", "{66AC73BE-9946-4EE3-9B7C-9F4D39CCC044}"
EndProject
Global
	GlobalSection(SolutionConfigurationPlatforms) = preSolution
		Debug|Any CPU = Debug|Any CPU
		Release|Any CPU = Release|Any CPU
	EndGlobalSection
	GlobalSection(ProjectConfigurationPlatforms) = postSolution
		{66AC73BE-9946-4EE3-9B7C-9F4D39CCC044}.Debug|Any CPU.ActiveCfg = Debug|Any CPU
		{66AC73BE-9946-4EE3-9B7C-9F4D39CCC044}.Debug|Any CPU.Build.0 = Debug|Any CPU
		{66AC73BE-9946-4EE3-9B7C-9F4D39CCC044}.Release|Any CPU.ActiveCfg = Release|Any CPU
		{66AC73BE-9946-4EE3-9B7C-9F4D39CCC044}.Release|Any CPU.Build.0 = Release|Any CPU
	EndGlobalSection
	GlobalSection(SolutionProperties) = preSolution
		HideSolutionNode = FALSE
	EndGlobalSection
	GlobalSection(ExtensibilityGlobals) = postSolution
		SolutionGuid = {871F7331-227B-426A-98E9-99BDE7C27A35}
	EndGlobalSection
EndGlobal
